
Microsoft Visual Studio Solution File, Format Version 12.00
# Visual Studio Version 16
VisualStudioVersion = 16.0.32126.315
MinimumVisualStudioVersion = 10.0.40219.1
Project("{9A19103F-16F7-4668-BE54-9A1E7A4F7556}") = "PlatformService", "PlatformService\PlatformService.csproj", "{34A490AA-EE17-47DA-9500-8A10B6098D2A}"
EndProject
Project("{9A19103F-16F7-4668-BE54-9A1E7A4F7556}") = "CommandsService", "CommandsService\CommandsService.csproj", "{24F6AEAF-C97F-407A-B825-744E42AC469C}"
EndProject
Global
	GlobalSection(SolutionConfigurationPlatforms) = preSolution
		Debug|Any CPU = Debug|Any CPU
		Release|Any CPU = Release|Any CPU
	EndGlobalSection
	GlobalSection(ProjectConfigurationPlatforms) = postSolution
		{34A490AA-EE17-47DA-9500-8A10B6098D2A}.Debug|Any CPU.ActiveCfg = Debug|Any CPU
		{34A490AA-EE17-47DA-9500-8A10B6098D2A}.Debug|Any CPU.Build.0 = Debug|Any CPU
		{34A490AA-EE17-47DA-9500-8A10B6098D2A}.Release|Any CPU.ActiveCfg = Release|Any CPU
		{34A490AA-EE17-47DA-9500-8A10B6098D2A}.Release|Any CPU.Build.0 = Release|Any CPU
		{24F6AEAF-C97F-407A-B825-744E42AC469C}.Debug|Any CPU.ActiveCfg = Debug|Any CPU
		{24F6AEAF-C97F-407A-B825-744E42AC469C}.Debug|Any CPU.Build.0 = Debug|Any CPU
		{24F6AEAF-C97F-407A-B825-744E42AC469C}.Release|Any CPU.ActiveCfg = Release|Any CPU
		{24F6AEAF-C97F-407A-B825-744E42AC469C}.Release|Any CPU.Build.0 = Release|Any CPU
	EndGlobalSection
	GlobalSection(SolutionProperties) = preSolution
		HideSolutionNode = FALSE
	EndGlobalSection
	GlobalSection(ExtensibilityGlobals) = postSolution
		SolutionGuid = {0DEBDFF4-A141-4F32-AD8E-1FF10DD9CB87}
	EndGlobalSection
EndGlobal
